
Microsoft Visual Studio Solution File, Format Version 12.00
# Visual Studio Version 16
VisualStudioVersion = 16.0.31105.61
MinimumVisualStudioVersion = 10.0.40219.1
Project("{FAE04EC0-301F-11D3-BF4B-00C04F79EFBC}") = "3D_Journal_Statistics", "3D_Journal_Statistics\3D_Journal_Statistics.csproj", "{53A7BB97-0255-425D-9A9E-6F03E4EBA2A0}"
EndProject
Global
	GlobalSection(SolutionConfigurationPlatforms) = preSolution
		Debug|Any CPU = Debug|Any CPU
		Release|Any CPU = Release|Any CPU
	EndGlobalSection
	GlobalSection(ProjectConfigurationPlatforms) = postSolution
		{53A7BB97-0255-425D-9A9E-6F03E4EBA2A0}.Debug|Any CPU.ActiveCfg = Debug|Any CPU
		{53A7BB97-0255-425D-9A9E-6F03E4EBA2A0}.Debug|Any CPU.Build.0 = Debug|Any CPU
		{53A7BB97-0255-425D-9A9E-6F03E4EBA2A0}.Release|Any CPU.ActiveCfg = Release|Any CPU
		{53A7BB97-0255-425D-9A9E-6F03E4EBA2A0}.Release|Any CPU.Build.0 = Release|Any CPU
	EndGlobalSection
	GlobalSection(SolutionProperties) = preSolution
		HideSolutionNode = FALSE
	EndGlobalSection
	GlobalSection(ExtensibilityGlobals) = postSolution
		SolutionGuid = {429A6A0E-34DF-43C8-991A-F4428F8BE447}
	EndGlobalSection
EndGlobal
